// !$*UTF8*$!
{
	archiveVersion = 1;
	classes = {
	};
	objectVersion = 46;
	objects = {

/* Begin PBXBuildFile section */
		495240E9182A3017003F7F91 /* Cocoa.framework in Frameworks */ = {isa = PBXBuildFile; fileRef = 495240E8182A3017003F7F91 /* Cocoa.framework */; };
		495240F3182A3017003F7F91 /* InfoPlist.strings in Resources */ = {isa = PBXBuildFile; fileRef = 495240F1182A3017003F7F91 /* InfoPlist.strings */; };
		495240F5182A3017003F7F91 /* main.m in Sources */ = {isa = PBXBuildFile; fileRef = 495240F4182A3017003F7F91 /* main.m */; };
		495240F9182A3017003F7F91 /* Credits.rtf in Resources */ = {isa = PBXBuildFile; fileRef = 495240F7182A3017003F7F91 /* Credits.rtf */; };
		495240FC182A3017003F7F91 /* AppDelegate.m in Sources */ = {isa = PBXBuildFile; fileRef = 495240FB182A3017003F7F91 /* AppDelegate.m */; };
		495240FF182A3017003F7F91 /* MainMenu.xib in Resources */ = {isa = PBXBuildFile; fileRef = 495240FD182A3017003F7F91 /* MainMenu.xib */; };
		49524101182A3017003F7F91 /* Images.xcassets in Resources */ = {isa = PBXBuildFile; fileRef = 49524100182A3017003F7F91 /* Images.xcassets */; };
		49524108182A3017003F7F91 /* XCTest.framework in Frameworks */ = {isa = PBXBuildFile; fileRef = 49524107182A3017003F7F91 /* XCTest.framework */; };
		49524109182A3017003F7F91 /* Cocoa.framework in Frameworks */ = {isa = PBXBuildFile; fileRef = 495240E8182A3017003F7F91 /* Cocoa.framework */; };
		49524111182A3017003F7F91 /* InfoPlist.strings in Resources */ = {isa = PBXBuildFile; fileRef = 4952410F182A3017003F7F91 /* InfoPlist.strings */; };
		4952411F182A313D003F7F91 /* Preferences.m in Sources */ = {isa = PBXBuildFile; fileRef = 4952411E182A313D003F7F91 /* Preferences.m */; };
		49524126182A9C41003F7F91 /* Story.m in Sources */ = {isa = PBXBuildFile; fileRef = 49524125182A9C41003F7F91 /* Story.m */; };
		4967A4EA182B4BED00A7C32F /* OCMock.framework in Frameworks */ = {isa = PBXBuildFile; fileRef = 4967A4E9182B4BED00A7C32F /* OCMock.framework */; };
		4967A4EE182B4C8E00A7C32F /* PreferencesController.m in Sources */ = {isa = PBXBuildFile; fileRef = 4967A4EC182B4C8E00A7C32F /* PreferencesController.m */; };
		4967A4F3182B4CE400A7C32F /* PreferencesController.xib in Resources */ = {isa = PBXBuildFile; fileRef = 4967A4F2182B4CE400A7C32F /* PreferencesController.xib */; };
		4967A4F7182B4FFA00A7C32F /* OCMock.framework in CopyFiles */ = {isa = PBXBuildFile; fileRef = 4967A4E9182B4BED00A7C32F /* OCMock.framework */; };
		4967A521182B7E2A00A7C32F /* Backlog.m in Sources */ = {isa = PBXBuildFile; fileRef = 4967A520182B7E2A00A7C32F /* Backlog.m */; };
		4967A535182B7FE800A7C32F /* Security.framework in Frameworks */ = {isa = PBXBuildFile; fileRef = 4967A534182B7FE800A7C32F /* Security.framework */; };
		4967A536182B7FFC00A7C32F /* Security.framework in Frameworks */ = {isa = PBXBuildFile; fileRef = 4967A534182B7FE800A7C32F /* Security.framework */; };
		4967A547182CA59800A7C32F /* NSNumber+TimeExpiry.m in Sources */ = {isa = PBXBuildFile; fileRef = 4967A546182CA59800A7C32F /* NSNumber+TimeExpiry.m */; };
		4967A54A182CA6DD00A7C32F /* PollingDelegate.m in Sources */ = {isa = PBXBuildFile; fileRef = 4967A549182CA6DD00A7C32F /* PollingDelegate.m */; };
		4967A54F182CAB0C00A7C32F /* PreferencesRepository.m in Sources */ = {isa = PBXBuildFile; fileRef = 4967A54E182CAB0C00A7C32F /* PreferencesRepository.m */; };
		4967A555182CAB9400A7C32F /* SSKeychain.m in Sources */ = {isa = PBXBuildFile; fileRef = 4967A552182CAB9400A7C32F /* SSKeychain.m */; };
		4967A556182CAB9400A7C32F /* SSKeychainQuery.m in Sources */ = {isa = PBXBuildFile; fileRef = 4967A554182CAB9400A7C32F /* SSKeychainQuery.m */; };
		4967A559182CB6B900A7C32F /* PreferencesRepositoryTest.m in Sources */ = {isa = PBXBuildFile; fileRef = 4967A557182CB6B900A7C32F /* PreferencesRepositoryTest.m */; };
		4967A55A182CB6B900A7C32F /* BacklogTest.m in Sources */ = {isa = PBXBuildFile; fileRef = 4967A558182CB6B900A7C32F /* BacklogTest.m */; };
		4967A55C182CB6E700A7C32F /* PreferencesControllerTest.m in Sources */ = {isa = PBXBuildFile; fileRef = 4967A55B182CB6E700A7C32F /* PreferencesControllerTest.m */; };
		4967A55F182CB79400A7C32F /* KeyDetector.m in Sources */ = {isa = PBXBuildFile; fileRef = 4967A55D182CB79400A7C32F /* KeyDetector.m */; };
		4967A562182CB7BE00A7C32F /* StoryController.m in Sources */ = {isa = PBXBuildFile; fileRef = 4967A561182CB7BE00A7C32F /* StoryController.m */; };
		4967A565182CB81C00A7C32F /* Copier.m in Sources */ = {isa = PBXBuildFile; fileRef = 4967A563182CB81C00A7C32F /* Copier.m */; };
		4967A568182CB8B300A7C32F /* Notifier.m in Sources */ = {isa = PBXBuildFile; fileRef = 4967A567182CB8B300A7C32F /* Notifier.m */; };
		4967A56A182CB92600A7C32F /* CopierTest.m in Sources */ = {isa = PBXBuildFile; fileRef = 4967A569182CB92600A7C32F /* CopierTest.m */; };
		4967A56C182CBDAA00A7C32F /* KeyDetectorTest.m in Sources */ = {isa = PBXBuildFile; fileRef = 4967A56B182CBDAA00A7C32F /* KeyDetectorTest.m */; };
		4967A570182DDAF300A7C32F /* KeyboardStoryCopier.m in Sources */ = {isa = PBXBuildFile; fileRef = 4967A56F182DDAF300A7C32F /* KeyboardStoryCopier.m */; };
		49DF23FC182B3A6700147805 /* PreferencesTest.m in Sources */ = {isa = PBXBuildFile; fileRef = 49DF23F9182B3A6700147805 /* PreferencesTest.m */; };
		49DF23FD182B3A6700147805 /* StoryTest.m in Sources */ = {isa = PBXBuildFile; fileRef = 49DF23FA182B3A6700147805 /* StoryTest.m */; };
/* End PBXBuildFile section */

/* Begin PBXContainerItemProxy section */
		4952410A182A3017003F7F91 /* PBXContainerItemProxy */ = {
			isa = PBXContainerItemProxy;
			containerPortal = 495240DD182A3017003F7F91 /* Project object */;
			proxyType = 1;
			remoteGlobalIDString = 495240E4182A3017003F7F91;
			remoteInfo = PivotalClippy;
		};
/* End PBXContainerItemProxy section */

/* Begin PBXCopyFilesBuildPhase section */
		4967A4F6182B4FD200A7C32F /* CopyFiles */ = {
			isa = PBXCopyFilesBuildPhase;
			buildActionMask = 2147483647;
			dstPath = "";
			dstSubfolderSpec = 16;
			files = (
				4967A4F7182B4FFA00A7C32F /* OCMock.framework in CopyFiles */,
			);
			runOnlyForDeploymentPostprocessing = 0;
		};
/* End PBXCopyFilesBuildPhase section */

/* Begin PBXFileReference section */
		495240E5182A3017003F7F91 /* PivotalClippy.app */ = {isa = PBXFileReference; explicitFileType = wrapper.application; includeInIndex = 0; path = PivotalClippy.app; sourceTree = BUILT_PRODUCTS_DIR; };
		495240E8182A3017003F7F91 /* Cocoa.framework */ = {isa = PBXFileReference; lastKnownFileType = wrapper.framework; name = Cocoa.framework; path = System/Library/Frameworks/Cocoa.framework; sourceTree = SDKROOT; };
		495240EB182A3017003F7F91 /* AppKit.framework */ = {isa = PBXFileReference; lastKnownFileType = wrapper.framework; name = AppKit.framework; path = System/Library/Frameworks/AppKit.framework; sourceTree = SDKROOT; };
		495240EC182A3017003F7F91 /* CoreData.framework */ = {isa = PBXFileReference; lastKnownFileType = wrapper.framework; name = CoreData.framework; path = System/Library/Frameworks/CoreData.framework; sourceTree = SDKROOT; };
		495240ED182A3017003F7F91 /* Foundation.framework */ = {isa = PBXFileReference; lastKnownFileType = wrapper.framework; name = Foundation.framework; path = System/Library/Frameworks/Foundation.framework; sourceTree = SDKROOT; };
		495240F0182A3017003F7F91 /* PivotalClippy-Info.plist */ = {isa = PBXFileReference; lastKnownFileType = text.plist.xml; path = "PivotalClippy-Info.plist"; sourceTree = "<group>"; };
		495240F2182A3017003F7F91 /* en */ = {isa = PBXFileReference; lastKnownFileType = text.plist.strings; name = en; path = en.lproj/InfoPlist.strings; sourceTree = "<group>"; };
		495240F4182A3017003F7F91 /* main.m */ = {isa = PBXFileReference; lastKnownFileType = sourcecode.c.objc; path = main.m; sourceTree = "<group>"; };
		495240F6182A3017003F7F91 /* PivotalClippy-Prefix.pch */ = {isa = PBXFileReference; lastKnownFileType = sourcecode.c.h; path = "PivotalClippy-Prefix.pch"; sourceTree = "<group>"; };
		495240F8182A3017003F7F91 /* en */ = {isa = PBXFileReference; lastKnownFileType = text.rtf; name = en; path = en.lproj/Credits.rtf; sourceTree = "<group>"; };
		495240FA182A3017003F7F91 /* AppDelegate.h */ = {isa = PBXFileReference; lastKnownFileType = sourcecode.c.h; path = AppDelegate.h; sourceTree = "<group>"; };
		495240FB182A3017003F7F91 /* AppDelegate.m */ = {isa = PBXFileReference; lastKnownFileType = sourcecode.c.objc; path = AppDelegate.m; sourceTree = "<group>"; };
		495240FE182A3017003F7F91 /* Base */ = {isa = PBXFileReference; lastKnownFileType = file.xib; name = Base; path = Base.lproj/MainMenu.xib; sourceTree = "<group>"; };
		49524100182A3017003F7F91 /* Images.xcassets */ = {isa = PBXFileReference; lastKnownFileType = folder.assetcatalog; path = Images.xcassets; sourceTree = "<group>"; };
		49524106182A3017003F7F91 /* PivotalClippyTests.xctest */ = {isa = PBXFileReference; explicitFileType = wrapper.cfbundle; includeInIndex = 0; path = PivotalClippyTests.xctest; sourceTree = BUILT_PRODUCTS_DIR; };
		49524107182A3017003F7F91 /* XCTest.framework */ = {isa = PBXFileReference; lastKnownFileType = wrapper.framework; name = XCTest.framework; path = Library/Frameworks/XCTest.framework; sourceTree = DEVELOPER_DIR; };
		4952410E182A3017003F7F91 /* PivotalClippyTests-Info.plist */ = {isa = PBXFileReference; lastKnownFileType = text.plist.xml; path = "PivotalClippyTests-Info.plist"; sourceTree = "<group>"; };
		49524110182A3017003F7F91 /* en */ = {isa = PBXFileReference; lastKnownFileType = text.plist.strings; name = en; path = en.lproj/InfoPlist.strings; sourceTree = "<group>"; };
		4952411D182A313D003F7F91 /* Preferences.h */ = {isa = PBXFileReference; fileEncoding = 4; lastKnownFileType = sourcecode.c.h; path = Preferences.h; sourceTree = "<group>"; };
		4952411E182A313D003F7F91 /* Preferences.m */ = {isa = PBXFileReference; fileEncoding = 4; lastKnownFileType = sourcecode.c.objc; path = Preferences.m; sourceTree = "<group>"; };
		49524124182A9C41003F7F91 /* Story.h */ = {isa = PBXFileReference; fileEncoding = 4; lastKnownFileType = sourcecode.c.h; path = Story.h; sourceTree = "<group>"; };
		49524125182A9C41003F7F91 /* Story.m */ = {isa = PBXFileReference; fileEncoding = 4; lastKnownFileType = sourcecode.c.objc; path = Story.m; sourceTree = "<group>"; };
		4967A4E8182B4ADA00A7C32F /* Repository.h */ = {isa = PBXFileReference; lastKnownFileType = sourcecode.c.h; path = Repository.h; sourceTree = "<group>"; };
		4967A4E9182B4BED00A7C32F /* OCMock.framework */ = {isa = PBXFileReference; lastKnownFileType = wrapper.framework; path = OCMock.framework; sourceTree = "<group>"; };
		4967A4EB182B4C8E00A7C32F /* PreferencesController.h */ = {isa = PBXFileReference; fileEncoding = 4; lastKnownFileType = sourcecode.c.h; path = PreferencesController.h; sourceTree = "<group>"; };
		4967A4EC182B4C8E00A7C32F /* PreferencesController.m */ = {isa = PBXFileReference; fileEncoding = 4; lastKnownFileType = sourcecode.c.objc; path = PreferencesController.m; sourceTree = "<group>"; };
		4967A4F2182B4CE400A7C32F /* PreferencesController.xib */ = {isa = PBXFileReference; fileEncoding = 4; lastKnownFileType = file.xib; path = PreferencesController.xib; sourceTree = "<group>"; };
		4967A51F182B7E2A00A7C32F /* Backlog.h */ = {isa = PBXFileReference; fileEncoding = 4; lastKnownFileType = sourcecode.c.h; path = Backlog.h; sourceTree = "<group>"; };
		4967A520182B7E2A00A7C32F /* Backlog.m */ = {isa = PBXFileReference; fileEncoding = 4; lastKnownFileType = sourcecode.c.objc; path = Backlog.m; sourceTree = "<group>"; };
		4967A534182B7FE800A7C32F /* Security.framework */ = {isa = PBXFileReference; lastKnownFileType = wrapper.framework; name = Security.framework; path = System/Library/Frameworks/Security.framework; sourceTree = SDKROOT; };
		4967A545182CA59800A7C32F /* NSNumber+TimeExpiry.h */ = {isa = PBXFileReference; fileEncoding = 4; lastKnownFileType = sourcecode.c.h; path = "NSNumber+TimeExpiry.h"; sourceTree = "<group>"; };
		4967A546182CA59800A7C32F /* NSNumber+TimeExpiry.m */ = {isa = PBXFileReference; fileEncoding = 4; lastKnownFileType = sourcecode.c.objc; path = "NSNumber+TimeExpiry.m"; sourceTree = "<group>"; };
		4967A548182CA6DD00A7C32F /* PollingDelegate.h */ = {isa = PBXFileReference; fileEncoding = 4; lastKnownFileType = sourcecode.c.h; path = PollingDelegate.h; sourceTree = "<group>"; };
		4967A549182CA6DD00A7C32F /* PollingDelegate.m */ = {isa = PBXFileReference; fileEncoding = 4; lastKnownFileType = sourcecode.c.objc; path = PollingDelegate.m; sourceTree = "<group>"; };
		4967A54D182CAB0C00A7C32F /* PreferencesRepository.h */ = {isa = PBXFileReference; fileEncoding = 4; lastKnownFileType = sourcecode.c.h; path = PreferencesRepository.h; sourceTree = "<group>"; };
		4967A54E182CAB0C00A7C32F /* PreferencesRepository.m */ = {isa = PBXFileReference; fileEncoding = 4; lastKnownFileType = sourcecode.c.objc; path = PreferencesRepository.m; sourceTree = "<group>"; };
		4967A551182CAB9400A7C32F /* SSKeychain.h */ = {isa = PBXFileReference; fileEncoding = 4; lastKnownFileType = sourcecode.c.h; path = SSKeychain.h; sourceTree = "<group>"; };
		4967A552182CAB9400A7C32F /* SSKeychain.m */ = {isa = PBXFileReference; fileEncoding = 4; lastKnownFileType = sourcecode.c.objc; path = SSKeychain.m; sourceTree = "<group>"; };
		4967A553182CAB9400A7C32F /* SSKeychainQuery.h */ = {isa = PBXFileReference; fileEncoding = 4; lastKnownFileType = sourcecode.c.h; path = SSKeychainQuery.h; sourceTree = "<group>"; };
		4967A554182CAB9400A7C32F /* SSKeychainQuery.m */ = {isa = PBXFileReference; fileEncoding = 4; lastKnownFileType = sourcecode.c.objc; path = SSKeychainQuery.m; sourceTree = "<group>"; };
		4967A557182CB6B900A7C32F /* PreferencesRepositoryTest.m */ = {isa = PBXFileReference; fileEncoding = 4; lastKnownFileType = sourcecode.c.objc; path = PreferencesRepositoryTest.m; sourceTree = "<group>"; };
		4967A558182CB6B900A7C32F /* BacklogTest.m */ = {isa = PBXFileReference; fileEncoding = 4; lastKnownFileType = sourcecode.c.objc; path = BacklogTest.m; sourceTree = "<group>"; };
		4967A55B182CB6E700A7C32F /* PreferencesControllerTest.m */ = {isa = PBXFileReference; fileEncoding = 4; lastKnownFileType = sourcecode.c.objc; path = PreferencesControllerTest.m; sourceTree = "<group>"; };
		4967A55D182CB79400A7C32F /* KeyDetector.m */ = {isa = PBXFileReference; fileEncoding = 4; lastKnownFileType = sourcecode.c.objc; path = KeyDetector.m; sourceTree = "<group>"; };
		4967A55E182CB79400A7C32F /* KeyDetector.h */ = {isa = PBXFileReference; fileEncoding = 4; lastKnownFileType = sourcecode.c.h; path = KeyDetector.h; sourceTree = "<group>"; };
		4967A560182CB7BE00A7C32F /* StoryController.h */ = {isa = PBXFileReference; fileEncoding = 4; lastKnownFileType = sourcecode.c.h; path = StoryController.h; sourceTree = "<group>"; };
		4967A561182CB7BE00A7C32F /* StoryController.m */ = {isa = PBXFileReference; fileEncoding = 4; lastKnownFileType = sourcecode.c.objc; path = StoryController.m; sourceTree = "<group>"; };
		4967A563182CB81C00A7C32F /* Copier.m */ = {isa = PBXFileReference; fileEncoding = 4; lastKnownFileType = sourcecode.c.objc; path = Copier.m; sourceTree = "<group>"; };
		4967A564182CB81C00A7C32F /* Copier.h */ = {isa = PBXFileReference; fileEncoding = 4; lastKnownFileType = sourcecode.c.h; path = Copier.h; sourceTree = "<group>"; };
		4967A566182CB8B300A7C32F /* Notifier.h */ = {isa = PBXFileReference; fileEncoding = 4; lastKnownFileType = sourcecode.c.h; path = Notifier.h; sourceTree = "<group>"; };
		4967A567182CB8B300A7C32F /* Notifier.m */ = {isa = PBXFileReference; fileEncoding = 4; lastKnownFileType = sourcecode.c.objc; path = Notifier.m; sourceTree = "<group>"; };
		4967A569182CB92600A7C32F /* CopierTest.m */ = {isa = PBXFileReference; fileEncoding = 4; lastKnownFileType = sourcecode.c.objc; path = CopierTest.m; sourceTree = "<group>"; };
		4967A56B182CBDAA00A7C32F /* KeyDetectorTest.m */ = {isa = PBXFileReference; fileEncoding = 4; lastKnownFileType = sourcecode.c.objc; path = KeyDetectorTest.m; sourceTree = "<group>"; };
		4967A56E182DDAF300A7C32F /* KeyboardStoryCopier.h */ = {isa = PBXFileReference; fileEncoding = 4; lastKnownFileType = sourcecode.c.h; path = KeyboardStoryCopier.h; sourceTree = "<group>"; };
		4967A56F182DDAF300A7C32F /* KeyboardStoryCopier.m */ = {isa = PBXFileReference; fileEncoding = 4; lastKnownFileType = sourcecode.c.objc; path = KeyboardStoryCopier.m; sourceTree = "<group>"; };
		49DF23F9182B3A6700147805 /* PreferencesTest.m */ = {isa = PBXFileReference; fileEncoding = 4; lastKnownFileType = sourcecode.c.objc; path = PreferencesTest.m; sourceTree = "<group>"; };
		49DF23FA182B3A6700147805 /* StoryTest.m */ = {isa = PBXFileReference; fileEncoding = 4; lastKnownFileType = sourcecode.c.objc; path = StoryTest.m; sourceTree = "<group>"; };
		49DF23FB182B3A6700147805 /* ValueSemantics.h */ = {isa = PBXFileReference; fileEncoding = 4; lastKnownFileType = sourcecode.c.h; path = ValueSemantics.h; sourceTree = "<group>"; };
/* End PBXFileReference section */

/* Begin PBXFrameworksBuildPhase section */
		495240E2182A3017003F7F91 /* Frameworks */ = {
			isa = PBXFrameworksBuildPhase;
			buildActionMask = 2147483647;
			files = (
				4967A535182B7FE800A7C32F /* Security.framework in Frameworks */,
				495240E9182A3017003F7F91 /* Cocoa.framework in Frameworks */,
			);
			runOnlyForDeploymentPostprocessing = 0;
		};
		49524103182A3017003F7F91 /* Frameworks */ = {
			isa = PBXFrameworksBuildPhase;
			buildActionMask = 2147483647;
			files = (
				4967A536182B7FFC00A7C32F /* Security.framework in Frameworks */,
				49524109182A3017003F7F91 /* Cocoa.framework in Frameworks */,
				49524108182A3017003F7F91 /* XCTest.framework in Frameworks */,
				4967A4EA182B4BED00A7C32F /* OCMock.framework in Frameworks */,
			);
			runOnlyForDeploymentPostprocessing = 0;
		};
/* End PBXFrameworksBuildPhase section */

/* Begin PBXGroup section */
		495240DC182A3017003F7F91 = {
			isa = PBXGroup;
			children = (
				495240EE182A3017003F7F91 /* PivotalClippy */,
				4952410C182A3017003F7F91 /* PivotalClippyTests */,
				495240E7182A3017003F7F91 /* Frameworks */,
				495240E6182A3017003F7F91 /* Products */,
			);
			sourceTree = "<group>";
		};
		495240E6182A3017003F7F91 /* Products */ = {
			isa = PBXGroup;
			children = (
				495240E5182A3017003F7F91 /* PivotalClippy.app */,
				49524106182A3017003F7F91 /* PivotalClippyTests.xctest */,
			);
			name = Products;
			sourceTree = "<group>";
		};
		495240E7182A3017003F7F91 /* Frameworks */ = {
			isa = PBXGroup;
			children = (
				4967A534182B7FE800A7C32F /* Security.framework */,
				4967A4E9182B4BED00A7C32F /* OCMock.framework */,
				495240E8182A3017003F7F91 /* Cocoa.framework */,
				49524107182A3017003F7F91 /* XCTest.framework */,
				495240EA182A3017003F7F91 /* Other Frameworks */,
			);
			name = Frameworks;
			sourceTree = "<group>";
		};
		495240EA182A3017003F7F91 /* Other Frameworks */ = {
			isa = PBXGroup;
			children = (
				495240EB182A3017003F7F91 /* AppKit.framework */,
				495240EC182A3017003F7F91 /* CoreData.framework */,
				495240ED182A3017003F7F91 /* Foundation.framework */,
			);
			name = "Other Frameworks";
			sourceTree = "<group>";
		};
		495240EE182A3017003F7F91 /* PivotalClippy */ = {
			isa = PBXGroup;
			children = (
				4967A550182CAB4800A7C32F /* Library */,
				4967A4E0182B4AA800A7C32F /* Adapters */,
				4967A4D8182B4A7400A7C32F /* Controllers */,
				4952411C182A3116003F7F91 /* Domain */,
				4967A56D182DDA9A00A7C32F /* Wiring */,
				495240FA182A3017003F7F91 /* AppDelegate.h */,
				495240FB182A3017003F7F91 /* AppDelegate.m */,
				495240FD182A3017003F7F91 /* MainMenu.xib */,
				49524100182A3017003F7F91 /* Images.xcassets */,
				495240EF182A3017003F7F91 /* Supporting Files */,
			);
			path = PivotalClippy;
			sourceTree = "<group>";
		};
		495240EF182A3017003F7F91 /* Supporting Files */ = {
			isa = PBXGroup;
			children = (
				495240F0182A3017003F7F91 /* PivotalClippy-Info.plist */,
				495240F1182A3017003F7F91 /* InfoPlist.strings */,
				495240F4182A3017003F7F91 /* main.m */,
				495240F6182A3017003F7F91 /* PivotalClippy-Prefix.pch */,
				495240F7182A3017003F7F91 /* Credits.rtf */,
			);
			name = "Supporting Files";
			sourceTree = "<group>";
		};
		4952410C182A3017003F7F91 /* PivotalClippyTests */ = {
			isa = PBXGroup;
			children = (
				4967A544182CA55300A7C32F /* Helpers */,
				4967A517182B782D00A7C32F /* Adapters */,
				49DF23F8182B39DD00147805 /* Values */,
				49DF23F7182B39DA00147805 /* Controllers */,
				4952410D182A3017003F7F91 /* Supporting Files */,
			);
			path = PivotalClippyTests;
			sourceTree = "<group>";
		};
		4952410D182A3017003F7F91 /* Supporting Files */ = {
			isa = PBXGroup;
			children = (
				4952410E182A3017003F7F91 /* PivotalClippyTests-Info.plist */,
				4952410F182A3017003F7F91 /* InfoPlist.strings */,
			);
			name = "Supporting Files";
			sourceTree = "<group>";
		};
		4952411C182A3116003F7F91 /* Domain */ = {
			isa = PBXGroup;
			children = (
				4952411D182A313D003F7F91 /* Preferences.h */,
				4952411E182A313D003F7F91 /* Preferences.m */,
				49524124182A9C41003F7F91 /* Story.h */,
				49524125182A9C41003F7F91 /* Story.m */,
			);
			name = Domain;
			path = PivotalClippy/Domain;
			sourceTree = SOURCE_ROOT;
		};
		4967A4D8182B4A7400A7C32F /* Controllers */ = {
			isa = PBXGroup;
			children = (
				4967A560182CB7BE00A7C32F /* StoryController.h */,
				4967A561182CB7BE00A7C32F /* StoryController.m */,
				4967A4EB182B4C8E00A7C32F /* PreferencesController.h */,
				4967A4EC182B4C8E00A7C32F /* PreferencesController.m */,
				4967A4F2182B4CE400A7C32F /* PreferencesController.xib */,
			);
			name = Controllers;
			path = ../Controllers;
			sourceTree = "<group>";
		};
		4967A4E0182B4AA800A7C32F /* Adapters */ = {
			isa = PBXGroup;
			children = (
				4967A51F182B7E2A00A7C32F /* Backlog.h */,
				4967A520182B7E2A00A7C32F /* Backlog.m */,
				4967A564182CB81C00A7C32F /* Copier.h */,
				4967A563182CB81C00A7C32F /* Copier.m */,
				4967A55E182CB79400A7C32F /* KeyDetector.h */,
				4967A55D182CB79400A7C32F /* KeyDetector.m */,
				4967A566182CB8B300A7C32F /* Notifier.h */,
				4967A567182CB8B300A7C32F /* Notifier.m */,
				4967A54D182CAB0C00A7C32F /* PreferencesRepository.h */,
				4967A54E182CAB0C00A7C32F /* PreferencesRepository.m */,
				4967A4E8182B4ADA00A7C32F /* Repository.h */,
			);
			path = Adapters;
			sourceTree = "<group>";
		};
		4967A517182B782D00A7C32F /* Adapters */ = {
			isa = PBXGroup;
			children = (
				4967A558182CB6B900A7C32F /* BacklogTest.m */,
				4967A569182CB92600A7C32F /* CopierTest.m */,
				4967A557182CB6B900A7C32F /* PreferencesRepositoryTest.m */,
				4967A56B182CBDAA00A7C32F /* KeyDetectorTest.m */,
			);
			path = Adapters;
			sourceTree = "<group>";
		};
		4967A544182CA55300A7C32F /* Helpers */ = {
			isa = PBXGroup;
			children = (
				4967A545182CA59800A7C32F /* NSNumber+TimeExpiry.h */,
				4967A546182CA59800A7C32F /* NSNumber+TimeExpiry.m */,
				4967A548182CA6DD00A7C32F /* PollingDelegate.h */,
				4967A549182CA6DD00A7C32F /* PollingDelegate.m */,
			);
			path = Helpers;
			sourceTree = "<group>";
		};
		4967A550182CAB4800A7C32F /* Library */ = {
			isa = PBXGroup;
			children = (
				4967A551182CAB9400A7C32F /* SSKeychain.h */,
				4967A552182CAB9400A7C32F /* SSKeychain.m */,
				4967A553182CAB9400A7C32F /* SSKeychainQuery.h */,
				4967A554182CAB9400A7C32F /* SSKeychainQuery.m */,
			);
			path = Library;
			sourceTree = "<group>";
		};
		4967A56D182DDA9A00A7C32F /* Wiring */ = {
			isa = PBXGroup;
			children = (
				4967A56E182DDAF300A7C32F /* KeyboardStoryCopier.h */,
				4967A56F182DDAF300A7C32F /* KeyboardStoryCopier.m */,
			);
			path = Wiring;
			sourceTree = "<group>";
		};
		49DF23F7182B39DA00147805 /* Controllers */ = {
			isa = PBXGroup;
			children = (
				4967A55B182CB6E700A7C32F /* PreferencesControllerTest.m */,
			);
			path = Controllers;
			sourceTree = "<group>";
		};
		49DF23F8182B39DD00147805 /* Values */ = {
			isa = PBXGroup;
			children = (
				49DF23FB182B3A6700147805 /* ValueSemantics.h */,
				49DF23F9182B3A6700147805 /* PreferencesTest.m */,
				49DF23FA182B3A6700147805 /* StoryTest.m */,
			);
			path = Values;
			sourceTree = "<group>";
		};
/* End PBXGroup section */

/* Begin PBXNativeTarget section */
		495240E4182A3017003F7F91 /* PivotalClippy */ = {
			isa = PBXNativeTarget;
			buildConfigurationList = 49524116182A3017003F7F91 /* Build configuration list for PBXNativeTarget "PivotalClippy" */;
			buildPhases = (
				495240E1182A3017003F7F91 /* Sources */,
				495240E2182A3017003F7F91 /* Frameworks */,
				495240E3182A3017003F7F91 /* Resources */,
			);
			buildRules = (
			);
			dependencies = (
			);
			name = PivotalClippy;
			productName = PivotalClippy;
			productReference = 495240E5182A3017003F7F91 /* PivotalClippy.app */;
			productType = "com.apple.product-type.application";
		};
		49524105182A3017003F7F91 /* PivotalClippyTests */ = {
			isa = PBXNativeTarget;
			buildConfigurationList = 49524119182A3017003F7F91 /* Build configuration list for PBXNativeTarget "PivotalClippyTests" */;
			buildPhases = (
				49524102182A3017003F7F91 /* Sources */,
				49524103182A3017003F7F91 /* Frameworks */,
				49524104182A3017003F7F91 /* Resources */,
				4967A4F6182B4FD200A7C32F /* CopyFiles */,
			);
			buildRules = (
			);
			dependencies = (
				4952410B182A3017003F7F91 /* PBXTargetDependency */,
			);
			name = PivotalClippyTests;
			productName = PivotalClippyTests;
			productReference = 49524106182A3017003F7F91 /* PivotalClippyTests.xctest */;
			productType = "com.apple.product-type.bundle.unit-test";
		};
/* End PBXNativeTarget section */

/* Begin PBXProject section */
		495240DD182A3017003F7F91 /* Project object */ = {
			isa = PBXProject;
			attributes = {
				LastUpgradeCheck = 0500;
				ORGANIZATIONNAME = "Andrew Bruce";
				TargetAttributes = {
					49524105182A3017003F7F91 = {
						TestTargetID = 495240E4182A3017003F7F91;
					};
				};
			};
			buildConfigurationList = 495240E0182A3017003F7F91 /* Build configuration list for PBXProject "PivotalClippy" */;
			compatibilityVersion = "Xcode 3.2";
			developmentRegion = English;
			hasScannedForEncodings = 0;
			knownRegions = (
				en,
				Base,
			);
			mainGroup = 495240DC182A3017003F7F91;
			productRefGroup = 495240E6182A3017003F7F91 /* Products */;
			projectDirPath = "";
			projectRoot = "";
			targets = (
				495240E4182A3017003F7F91 /* PivotalClippy */,
				49524105182A3017003F7F91 /* PivotalClippyTests */,
			);
		};
/* End PBXProject section */

/* Begin PBXResourcesBuildPhase section */
		495240E3182A3017003F7F91 /* Resources */ = {
			isa = PBXResourcesBuildPhase;
			buildActionMask = 2147483647;
			files = (
				4967A4F3182B4CE400A7C32F /* PreferencesController.xib in Resources */,
				495240F3182A3017003F7F91 /* InfoPlist.strings in Resources */,
				49524101182A3017003F7F91 /* Images.xcassets in Resources */,
				495240F9182A3017003F7F91 /* Credits.rtf in Resources */,
				495240FF182A3017003F7F91 /* MainMenu.xib in Resources */,
			);
			runOnlyForDeploymentPostprocessing = 0;
		};
		49524104182A3017003F7F91 /* Resources */ = {
			isa = PBXResourcesBuildPhase;
			buildActionMask = 2147483647;
			files = (
				49524111182A3017003F7F91 /* InfoPlist.strings in Resources */,
			);
			runOnlyForDeploymentPostprocessing = 0;
		};
/* End PBXResourcesBuildPhase section */

/* Begin PBXSourcesBuildPhase section */
		495240E1182A3017003F7F91 /* Sources */ = {
			isa = PBXSourcesBuildPhase;
			buildActionMask = 2147483647;
			files = (
				4967A4EE182B4C8E00A7C32F /* PreferencesController.m in Sources */,
				4967A565182CB81C00A7C32F /* Copier.m in Sources */,
				4967A55F182CB79400A7C32F /* KeyDetector.m in Sources */,
				4967A556182CAB9400A7C32F /* SSKeychainQuery.m in Sources */,
				4967A555182CAB9400A7C32F /* SSKeychain.m in Sources */,
				4967A521182B7E2A00A7C32F /* Backlog.m in Sources */,
				4967A562182CB7BE00A7C32F /* StoryController.m in Sources */,
				495240FC182A3017003F7F91 /* AppDelegate.m in Sources */,
				4967A570182DDAF300A7C32F /* KeyboardStoryCopier.m in Sources */,
				495240F5182A3017003F7F91 /* main.m in Sources */,
				4952411F182A313D003F7F91 /* Preferences.m in Sources */,
				4967A568182CB8B300A7C32F /* Notifier.m in Sources */,
				49524126182A9C41003F7F91 /* Story.m in Sources */,
				4967A54F182CAB0C00A7C32F /* PreferencesRepository.m in Sources */,
			);
			runOnlyForDeploymentPostprocessing = 0;
		};
		49524102182A3017003F7F91 /* Sources */ = {
			isa = PBXSourcesBuildPhase;
			buildActionMask = 2147483647;
			files = (
				4967A559182CB6B900A7C32F /* PreferencesRepositoryTest.m in Sources */,
				4967A56A182CB92600A7C32F /* CopierTest.m in Sources */,
				4967A55A182CB6B900A7C32F /* BacklogTest.m in Sources */,
				4967A547182CA59800A7C32F /* NSNumber+TimeExpiry.m in Sources */,
				4967A55C182CB6E700A7C32F /* PreferencesControllerTest.m in Sources */,
				4967A56C182CBDAA00A7C32F /* KeyDetectorTest.m in Sources */,
				49DF23FC182B3A6700147805 /* PreferencesTest.m in Sources */,
				4967A54A182CA6DD00A7C32F /* PollingDelegate.m in Sources */,
				49DF23FD182B3A6700147805 /* StoryTest.m in Sources */,
			);
			runOnlyForDeploymentPostprocessing = 0;
		};
/* End PBXSourcesBuildPhase section */

/* Begin PBXTargetDependency section */
		4952410B182A3017003F7F91 /* PBXTargetDependency */ = {
			isa = PBXTargetDependency;
			target = 495240E4182A3017003F7F91 /* PivotalClippy */;
			targetProxy = 4952410A182A3017003F7F91 /* PBXContainerItemProxy */;
		};
/* End PBXTargetDependency section */

/* Begin PBXVariantGroup section */
		495240F1182A3017003F7F91 /* InfoPlist.strings */ = {
			isa = PBXVariantGroup;
			children = (
				495240F2182A3017003F7F91 /* en */,
			);
			name = InfoPlist.strings;
			sourceTree = "<group>";
		};
		495240F7182A3017003F7F91 /* Credits.rtf */ = {
			isa = PBXVariantGroup;
			children = (
				495240F8182A3017003F7F91 /* en */,
			);
			name = Credits.rtf;
			sourceTree = "<group>";
		};
		495240FD182A3017003F7F91 /* MainMenu.xib */ = {
			isa = PBXVariantGroup;
			children = (
				495240FE182A3017003F7F91 /* Base */,
			);
			name = MainMenu.xib;
			sourceTree = "<group>";
		};
		4952410F182A3017003F7F91 /* InfoPlist.strings */ = {
			isa = PBXVariantGroup;
			children = (
				49524110182A3017003F7F91 /* en */,
			);
			name = InfoPlist.strings;
			sourceTree = "<group>";
		};
/* End PBXVariantGroup section */

/* Begin XCBuildConfiguration section */
		49524114182A3017003F7F91 /* Debug */ = {
			isa = XCBuildConfiguration;
			buildSettings = {
				ALWAYS_SEARCH_USER_PATHS = NO;
				CLANG_CXX_LANGUAGE_STANDARD = "gnu++0x";
				CLANG_CXX_LIBRARY = "libc++";
				CLANG_ENABLE_OBJC_ARC = YES;
				CLANG_WARN_BOOL_CONVERSION = YES;
				CLANG_WARN_CONSTANT_CONVERSION = YES;
				CLANG_WARN_DIRECT_OBJC_ISA_USAGE = YES_ERROR;
				CLANG_WARN_EMPTY_BODY = YES;
				CLANG_WARN_ENUM_CONVERSION = YES;
				CLANG_WARN_INT_CONVERSION = YES;
				CLANG_WARN_OBJC_ROOT_CLASS = YES_ERROR;
				CLANG_WARN__DUPLICATE_METHOD_MATCH = YES;
				COPY_PHASE_STRIP = NO;
				GCC_C_LANGUAGE_STANDARD = gnu99;
				GCC_DYNAMIC_NO_PIC = NO;
				GCC_ENABLE_OBJC_EXCEPTIONS = YES;
				GCC_OPTIMIZATION_LEVEL = 0;
				GCC_PREPROCESSOR_DEFINITIONS = (
					"DEBUG=1",
					"$(inherited)",
				);
				GCC_SYMBOLS_PRIVATE_EXTERN = NO;
				GCC_WARN_64_TO_32_BIT_CONVERSION = YES;
				GCC_WARN_ABOUT_RETURN_TYPE = YES_ERROR;
				GCC_WARN_UNDECLARED_SELECTOR = YES;
				GCC_WARN_UNINITIALIZED_AUTOS = YES;
				GCC_WARN_UNUSED_FUNCTION = YES;
				GCC_WARN_UNUSED_VARIABLE = YES;
				MACOSX_DEPLOYMENT_TARGET = 10.9;
				ONLY_ACTIVE_ARCH = YES;
				SDKROOT = macosx;
			};
			name = Debug;
		};
		49524115182A3017003F7F91 /* Release */ = {
			isa = XCBuildConfiguration;
			buildSettings = {
				ALWAYS_SEARCH_USER_PATHS = NO;
				CLANG_CXX_LANGUAGE_STANDARD = "gnu++0x";
				CLANG_CXX_LIBRARY = "libc++";
				CLANG_ENABLE_OBJC_ARC = YES;
				CLANG_WARN_BOOL_CONVERSION = YES;
				CLANG_WARN_CONSTANT_CONVERSION = YES;
				CLANG_WARN_DIRECT_OBJC_ISA_USAGE = YES_ERROR;
				CLANG_WARN_EMPTY_BODY = YES;
				CLANG_WARN_ENUM_CONVERSION = YES;
				CLANG_WARN_INT_CONVERSION = YES;
				CLANG_WARN_OBJC_ROOT_CLASS = YES_ERROR;
				CLANG_WARN__DUPLICATE_METHOD_MATCH = YES;
				COPY_PHASE_STRIP = YES;
				DEBUG_INFORMATION_FORMAT = "dwarf-with-dsym";
				ENABLE_NS_ASSERTIONS = NO;
				GCC_C_LANGUAGE_STANDARD = gnu99;
				GCC_ENABLE_OBJC_EXCEPTIONS = YES;
				GCC_WARN_64_TO_32_BIT_CONVERSION = YES;
				GCC_WARN_ABOUT_RETURN_TYPE = YES_ERROR;
				GCC_WARN_UNDECLARED_SELECTOR = YES;
				GCC_WARN_UNINITIALIZED_AUTOS = YES;
				GCC_WARN_UNUSED_FUNCTION = YES;
				GCC_WARN_UNUSED_VARIABLE = YES;
				MACOSX_DEPLOYMENT_TARGET = 10.9;
				SDKROOT = macosx;
			};
			name = Release;
		};
		49524117182A3017003F7F91 /* Debug */ = {
			isa = XCBuildConfiguration;
			buildSettings = {
				ASSETCATALOG_COMPILER_APPICON_NAME = AppIcon;
				COMBINE_HIDPI_IMAGES = YES;
				GCC_PRECOMPILE_PREFIX_HEADER = YES;
				GCC_PREFIX_HEADER = "PivotalClippy/PivotalClippy-Prefix.pch";
				INFOPLIST_FILE = "PivotalClippy/PivotalClippy-Info.plist";
				PRODUCT_NAME = "$(TARGET_NAME)";
				WRAPPER_EXTENSION = app;
			};
			name = Debug;
		};
		49524118182A3017003F7F91 /* Release */ = {
			isa = XCBuildConfiguration;
			buildSettings = {
				ASSETCATALOG_COMPILER_APPICON_NAME = AppIcon;
				COMBINE_HIDPI_IMAGES = YES;
				GCC_PRECOMPILE_PREFIX_HEADER = YES;
				GCC_PREFIX_HEADER = "PivotalClippy/PivotalClippy-Prefix.pch";
				INFOPLIST_FILE = "PivotalClippy/PivotalClippy-Info.plist";
				PRODUCT_NAME = "$(TARGET_NAME)";
				WRAPPER_EXTENSION = app;
			};
			name = Release;
		};
		4952411A182A3017003F7F91 /* Debug */ = {
			isa = XCBuildConfiguration;
			buildSettings = {
				BUNDLE_LOADER = "$(BUILT_PRODUCTS_DIR)/PivotalClippy.app/Contents/MacOS/PivotalClippy";
				COMBINE_HIDPI_IMAGES = YES;
				FRAMEWORK_SEARCH_PATHS = (
					"$(DEVELOPER_FRAMEWORKS_DIR)",
					"$(inherited)",
					/Users/andrew/workspace/PivotalClippy,
				);
				GCC_PRECOMPILE_PREFIX_HEADER = YES;
				GCC_PREFIX_HEADER = "PivotalClippy/PivotalClippy-Prefix.pch";
				GCC_PREPROCESSOR_DEFINITIONS = (
					"DEBUG=1",
					"$(inherited)",
				);
				INFOPLIST_FILE = "PivotalClippyTests/PivotalClippyTests-Info.plist";
				PRODUCT_NAME = "$(TARGET_NAME)";
				TEST_HOST = "$(BUNDLE_LOADER)";
				WRAPPER_EXTENSION = xctest;
			};
			name = Debug;
		};
		4952411B182A3017003F7F91 /* Release */ = {
			isa = XCBuildConfiguration;
			buildSettings = {
				BUNDLE_LOADER = "$(BUILT_PRODUCTS_DIR)/PivotalClippy.app/Contents/MacOS/PivotalClippy";
				COMBINE_HIDPI_IMAGES = YES;
				FRAMEWORK_SEARCH_PATHS = (
					"$(DEVELOPER_FRAMEWORKS_DIR)",
					"$(inherited)",
					/Users/andrew/workspace/PivotalClippy,
				);
				GCC_PRECOMPILE_PREFIX_HEADER = YES;
				GCC_PREFIX_HEADER = "PivotalClippy/PivotalClippy-Prefix.pch";
				INFOPLIST_FILE = "PivotalClippyTests/PivotalClippyTests-Info.plist";
				PRODUCT_NAME = "$(TARGET_NAME)";
				TEST_HOST = "$(BUNDLE_LOADER)";
				WRAPPER_EXTENSION = xctest;
			};
			name = Release;
		};
/* End XCBuildConfiguration section */

/* Begin XCConfigurationList section */
		495240E0182A3017003F7F91 /* Build configuration list for PBXProject "PivotalClippy" */ = {
			isa = XCConfigurationList;
			buildConfigurations = (
				49524114182A3017003F7F91 /* Debug */,
				49524115182A3017003F7F91 /* Release */,
			);
			defaultConfigurationIsVisible = 0;
			defaultConfigurationName = Release;
		};
		49524116182A3017003F7F91 /* Build configuration list for PBXNativeTarget "PivotalClippy" */ = {
			isa = XCConfigurationList;
			buildConfigurations = (
				49524117182A3017003F7F91 /* Debug */,
				49524118182A3017003F7F91 /* Release */,
			);
			defaultConfigurationIsVisible = 0;
			defaultConfigurationName = Release;
		};
		49524119182A3017003F7F91 /* Build configuration list for PBXNativeTarget "PivotalClippyTests" */ = {
			isa = XCConfigurationList;
			buildConfigurations = (
				4952411A182A3017003F7F91 /* Debug */,
				4952411B182A3017003F7F91 /* Release */,
			);
			defaultConfigurationIsVisible = 0;
			defaultConfigurationName = Release;
		};
/* End XCConfigurationList section */
	};
	rootObject = 495240DD182A3017003F7F91 /* Project object */;
}
